
Microsoft Visual Studio Solution File, Format Version 12.00
# Visual Studio Version 16
VisualStudioVersion = 16.0.32929.386
MinimumVisualStudioVersion = 10.0.40219.1
Project("{FAE04EC0-301F-11D3-BF4B-00C04F79EFBC}") = "WindowsFormsApp1", "WindowsFormsApp1.csproj", "{C4D335E8-08C7-4407-B233-50FFDE061E91}"
EndProject
Global
	GlobalSection(SolutionConfigurationPlatforms) = preSolution
		Debug|Any CPU = Debug|Any CPU
		Release|Any CPU = Release|Any CPU
	EndGlobalSection
	GlobalSection(ProjectConfigurationPlatforms) = postSolution
		{C4D335E8-08C7-4407-B233-50FFDE061E91}.Debug|Any CPU.ActiveCfg = Debug|Any CPU
		{C4D335E8-08C7-4407-B233-50FFDE061E91}.Debug|Any CPU.Build.0 = Debug|Any CPU
		{C4D335E8-08C7-4407-B233-50FFDE061E91}.Release|Any CPU.ActiveCfg = Release|Any CPU
		{C4D335E8-08C7-4407-B233-50FFDE061E91}.Release|Any CPU.Build.0 = Release|Any CPU
	EndGlobalSection
	GlobalSection(SolutionProperties) = preSolution
		HideSolutionNode = FALSE
	EndGlobalSection
	GlobalSection(ExtensibilityGlobals) = postSolution
		SolutionGuid = {92677802-0F92-4B0B-BB28-85EF94B884C1}
	EndGlobalSection
EndGlobal
